
Microsoft Visual Studio Solution File, Format Version 12.00
# Visual Studio 15
VisualStudioVersion = 15.0.28010.2048
MinimumVisualStudioVersion = 10.0.40219.1
Project("{9A19103F-16F7-4668-BE54-9A1E7A4F7556}") = "AuctionSystem.Contracts", "AuctionSystem.Contracts\AuctionSystem.Contracts.csproj", "{3544B4ED-3101-4F64-B51A-559E23AC4343}"
EndProject
Project("{9A19103F-16F7-4668-BE54-9A1E7A4F7556}") = "AuctionSystem.Services", "AuctionSystem.Services\AuctionSystem.Services.csproj", "{3A78F4EC-C108-4476-9A4C-32A9149A5909}"
EndProject
Project("{9A19103F-16F7-4668-BE54-9A1E7A4F7556}") = "AuctionSystem.WebApi", "AuctionSystem.WebApi\AuctionSystem.WebApi.csproj", "{9FB4BF35-8C86-4F96-9409-8D682E7C3268}"
EndProject
Project("{9092AA53-FB77-4645-B42D-1CCCA6BD08BD}") = "auctionsystem.app", "auctionsystem.app\AuctionSystem.App.njsproj", "{DA542ADD-2829-45C9-8A80-347CA017259B}"
EndProject
Project("{2150E333-8FDC-42A3-9474-1A3956D46DE8}") = "Server", "Server", "{306D7AFB-E968-48E5-A832-3DC6FDE5375E}"
EndProject
Project("{2150E333-8FDC-42A3-9474-1A3956D46DE8}") = "Client", "Client", "{3B8838C0-3201-44E3-8AF7-9BCE881E9227}"
EndProject
Project("{2150E333-8FDC-42A3-9474-1A3956D46DE8}") = "Tests", "Tests", "{531ED3A3-532A-4170-AB17-8E2F5428C051}"
EndProject
Project("{FAE04EC0-301F-11D3-BF4B-00C04F79EFBC}") = "AuctionSystem.Persistence.InMemory", "AuctionSystem.Persistence.InMemory\AuctionSystem.Persistence.InMemory.csproj", "{D638BC77-8476-4588-8329-DA7B4B89BFE7}"
EndProject
Project("{2150E333-8FDC-42A3-9474-1A3956D46DE8}") = "Solution Items", "Solution Items", "{04A6B494-FE22-4612-A892-FACE3BA32161}"
	ProjectSection(SolutionItems) = preProject
		README.md = README.md
	EndProjectSection
EndProject
Project("{FAE04EC0-301F-11D3-BF4B-00C04F79EFBC}") = "AuctionSystem.Tests.ServerSide", "AuctionSystem.Tests.ServerSide\AuctionSystem.Tests.ServerSide.csproj", "{F7A86586-BCC9-4319-9698-77E28A98943C}"
EndProject
Project("{FAE04EC0-301F-11D3-BF4B-00C04F79EFBC}") = "Common.Utilities", "Common.Utilities\Common.Utilities.csproj", "{36CF7E34-FB71-4E0B-8FA0-4628219EDCBC}"
EndProject
Global
	GlobalSection(SolutionConfigurationPlatforms) = preSolution
		Debug|Any CPU = Debug|Any CPU
		Release|Any CPU = Release|Any CPU
	EndGlobalSection
	GlobalSection(ProjectConfigurationPlatforms) = postSolution
		{3544B4ED-3101-4F64-B51A-559E23AC4343}.Debug|Any CPU.ActiveCfg = Debug|Any CPU
		{3544B4ED-3101-4F64-B51A-559E23AC4343}.Debug|Any CPU.Build.0 = Debug|Any CPU
		{3544B4ED-3101-4F64-B51A-559E23AC4343}.Release|Any CPU.ActiveCfg = Release|Any CPU
		{3544B4ED-3101-4F64-B51A-559E23AC4343}.Release|Any CPU.Build.0 = Release|Any CPU
		{3A78F4EC-C108-4476-9A4C-32A9149A5909}.Debug|Any CPU.ActiveCfg = Debug|Any CPU
		{3A78F4EC-C108-4476-9A4C-32A9149A5909}.Debug|Any CPU.Build.0 = Debug|Any CPU
		{3A78F4EC-C108-4476-9A4C-32A9149A5909}.Release|Any CPU.ActiveCfg = Release|Any CPU
		{3A78F4EC-C108-4476-9A4C-32A9149A5909}.Release|Any CPU.Build.0 = Release|Any CPU
		{9FB4BF35-8C86-4F96-9409-8D682E7C3268}.Debug|Any CPU.ActiveCfg = Debug|Any CPU
		{9FB4BF35-8C86-4F96-9409-8D682E7C3268}.Debug|Any CPU.Build.0 = Debug|Any CPU
		{9FB4BF35-8C86-4F96-9409-8D682E7C3268}.Release|Any CPU.ActiveCfg = Release|Any CPU
		{9FB4BF35-8C86-4F96-9409-8D682E7C3268}.Release|Any CPU.Build.0 = Release|Any CPU
		{DA542ADD-2829-45C9-8A80-347CA017259B}.Debug|Any CPU.ActiveCfg = Debug|Any CPU
		{DA542ADD-2829-45C9-8A80-347CA017259B}.Debug|Any CPU.Build.0 = Debug|Any CPU
		{DA542ADD-2829-45C9-8A80-347CA017259B}.Release|Any CPU.ActiveCfg = Release|Any CPU
		{DA542ADD-2829-45C9-8A80-347CA017259B}.Release|Any CPU.Build.0 = Release|Any CPU
		{D638BC77-8476-4588-8329-DA7B4B89BFE7}.Debug|Any CPU.ActiveCfg = Debug|Any CPU
		{D638BC77-8476-4588-8329-DA7B4B89BFE7}.Debug|Any CPU.Build.0 = Debug|Any CPU
		{D638BC77-8476-4588-8329-DA7B4B89BFE7}.Release|Any CPU.ActiveCfg = Release|Any CPU
		{D638BC77-8476-4588-8329-DA7B4B89BFE7}.Release|Any CPU.Build.0 = Release|Any CPU
		{F7A86586-BCC9-4319-9698-77E28A98943C}.Debug|Any CPU.ActiveCfg = Debug|Any CPU
		{F7A86586-BCC9-4319-9698-77E28A98943C}.Debug|Any CPU.Build.0 = Debug|Any CPU
		{F7A86586-BCC9-4319-9698-77E28A98943C}.Release|Any CPU.ActiveCfg = Release|Any CPU
		{F7A86586-BCC9-4319-9698-77E28A98943C}.Release|Any CPU.Build.0 = Release|Any CPU
		{36CF7E34-FB71-4E0B-8FA0-4628219EDCBC}.Debug|Any CPU.ActiveCfg = Debug|Any CPU
		{36CF7E34-FB71-4E0B-8FA0-4628219EDCBC}.Debug|Any CPU.Build.0 = Debug|Any CPU
		{36CF7E34-FB71-4E0B-8FA0-4628219EDCBC}.Release|Any CPU.ActiveCfg = Release|Any CPU
		{36CF7E34-FB71-4E0B-8FA0-4628219EDCBC}.Release|Any CPU.Build.0 = Release|Any CPU
	EndGlobalSection
	GlobalSection(SolutionProperties) = preSolution
		HideSolutionNode = FALSE
	EndGlobalSection
	GlobalSection(NestedProjects) = preSolution
		{3544B4ED-3101-4F64-B51A-559E23AC4343} = {306D7AFB-E968-48E5-A832-3DC6FDE5375E}
		{3A78F4EC-C108-4476-9A4C-32A9149A5909} = {306D7AFB-E968-48E5-A832-3DC6FDE5375E}
		{9FB4BF35-8C86-4F96-9409-8D682E7C3268} = {306D7AFB-E968-48E5-A832-3DC6FDE5375E}
		{DA542ADD-2829-45C9-8A80-347CA017259B} = {3B8838C0-3201-44E3-8AF7-9BCE881E9227}
		{D638BC77-8476-4588-8329-DA7B4B89BFE7} = {306D7AFB-E968-48E5-A832-3DC6FDE5375E}
		{F7A86586-BCC9-4319-9698-77E28A98943C} = {531ED3A3-532A-4170-AB17-8E2F5428C051}
		{36CF7E34-FB71-4E0B-8FA0-4628219EDCBC} = {306D7AFB-E968-48E5-A832-3DC6FDE5375E}
	EndGlobalSection
	GlobalSection(ExtensibilityGlobals) = postSolution
		SolutionGuid = {EF9197E2-A464-43FA-9458-16B49216D800}
	EndGlobalSection
EndGlobal
